
Microsoft Visual Studio Solution File, Format Version 12.00
# Visual Studio Version 17
VisualStudioVersion = 17.4.33403.182
MinimumVisualStudioVersion = 10.0.40219.1
Project("{FAE04EC0-301F-11D3-BF4B-00C04F79EFBC}") = "FinalnoDomasno", "FinalnoDomasno\FinalnoDomasno.csproj", "{C390F3A3-13A8-4B80-A0A8-17A35AFE2061}"
EndProject
Global
	GlobalSection(SolutionConfigurationPlatforms) = preSolution
		Debug|Any CPU = Debug|Any CPU
		Release|Any CPU = Release|Any CPU
	EndGlobalSection
	GlobalSection(ProjectConfigurationPlatforms) = postSolution
		{C390F3A3-13A8-4B80-A0A8-17A35AFE2061}.Debug|Any CPU.ActiveCfg = Debug|Any CPU
		{C390F3A3-13A8-4B80-A0A8-17A35AFE2061}.Debug|Any CPU.Build.0 = Debug|Any CPU
		{C390F3A3-13A8-4B80-A0A8-17A35AFE2061}.Release|Any CPU.ActiveCfg = Release|Any CPU
		{C390F3A3-13A8-4B80-A0A8-17A35AFE2061}.Release|Any CPU.Build.0 = Release|Any CPU
	EndGlobalSection
	GlobalSection(SolutionProperties) = preSolution
		HideSolutionNode = FALSE
	EndGlobalSection
	GlobalSection(ExtensibilityGlobals) = postSolution
		SolutionGuid = {8B568B0B-793B-4712-8CAC-5D27DE717C24}
	EndGlobalSection
EndGlobal
